// !$*UTF8*$!
{
	archiveVersion = 1;
	classes = {
	};
	objectVersion = 46;
	objects = {

/* Begin PBXBuildFile section */
		073A89061F07AE3E00DA6919 /* Container.c in Sources */ = {isa = PBXBuildFile; fileRef = 073A89041F07AE3E00DA6919 /* Container.c */; };
		077B60801F066901001D40C4 /* Db.c in Sources */ = {isa = PBXBuildFile; fileRef = 077B607E1F066901001D40C4 /* Db.c */; };
		07DD47AF1EFE3B0500E42AD7 /* main.c in Sources */ = {isa = PBXBuildFile; fileRef = 07DD47AE1EFE3B0500E42AD7 /* main.c */; };
		07FA738B1EFF3D9B001A0F2C /* List.c in Sources */ = {isa = PBXBuildFile; fileRef = 07FA73891EFF3D9B001A0F2C /* List.c */; };
		07FA738E1EFF3DE4001A0F2C /* Debug.c in Sources */ = {isa = PBXBuildFile; fileRef = 07FA738C1EFF3DE4001A0F2C /* Debug.c */; };
		07FA73911EFF3E36001A0F2C /* ID.c in Sources */ = {isa = PBXBuildFile; fileRef = 07FA738F1EFF3E36001A0F2C /* ID.c */; };
/* End PBXBuildFile section */

/* Begin PBXCopyFilesBuildPhase section */
		07DD47A91EFE3B0500E42AD7 /* CopyFiles */ = {
			isa = PBXCopyFilesBuildPhase;
			buildActionMask = 2147483647;
			dstPath = /usr/share/man/man1/;
			dstSubfolderSpec = 0;
			files = (
			);
			runOnlyForDeploymentPostprocessing = 1;
		};
/* End PBXCopyFilesBuildPhase section */

/* Begin PBXFileReference section */
		073A89041F07AE3E00DA6919 /* Container.c */ = {isa = PBXFileReference; fileEncoding = 4; lastKnownFileType = sourcecode.c.c; path = Container.c; sourceTree = "<group>"; };
		073A89051F07AE3E00DA6919 /* Container.h */ = {isa = PBXFileReference; fileEncoding = 4; lastKnownFileType = sourcecode.c.h; path = Container.h; sourceTree = "<group>"; };
		077B607E1F066901001D40C4 /* Db.c */ = {isa = PBXFileReference; fileEncoding = 4; lastKnownFileType = sourcecode.c.c; path = Db.c; sourceTree = "<group>"; };
		077B607F1F066901001D40C4 /* Db.h */ = {isa = PBXFileReference; fileEncoding = 4; lastKnownFileType = sourcecode.c.h; path = Db.h; sourceTree = "<group>"; };
		077B60811F066A49001D40C4 /* Support.h */ = {isa = PBXFileReference; lastKnownFileType = sourcecode.c.h; path = Support.h; sourceTree = "<group>"; };
		07DD47AB1EFE3B0500E42AD7 /* filesys */ = {isa = PBXFileReference; explicitFileType = "compiled.mach-o.executable"; includeInIndex = 0; path = filesys; sourceTree = BUILT_PRODUCTS_DIR; };
		07DD47AE1EFE3B0500E42AD7 /* main.c */ = {isa = PBXFileReference; lastKnownFileType = sourcecode.c.c; path = main.c; sourceTree = "<group>"; };
		07FA73891EFF3D9B001A0F2C /* List.c */ = {isa = PBXFileReference; fileEncoding = 4; lastKnownFileType = sourcecode.c.c; path = List.c; sourceTree = "<group>"; };
		07FA738A1EFF3D9B001A0F2C /* List.h */ = {isa = PBXFileReference; fileEncoding = 4; lastKnownFileType = sourcecode.c.h; path = List.h; sourceTree = "<group>"; };
		07FA738C1EFF3DE4001A0F2C /* Debug.c */ = {isa = PBXFileReference; fileEncoding = 4; lastKnownFileType = sourcecode.c.c; path = Debug.c; sourceTree = "<group>"; };
		07FA738D1EFF3DE4001A0F2C /* Debug.h */ = {isa = PBXFileReference; fileEncoding = 4; lastKnownFileType = sourcecode.c.h; path = Debug.h; sourceTree = "<group>"; };
		07FA738F1EFF3E36001A0F2C /* ID.c */ = {isa = PBXFileReference; fileEncoding = 4; lastKnownFileType = sourcecode.c.c; path = ID.c; sourceTree = "<group>"; };
		07FA73901EFF3E36001A0F2C /* ID.h */ = {isa = PBXFileReference; fileEncoding = 4; lastKnownFileType = sourcecode.c.h; path = ID.h; sourceTree = "<group>"; };
/* End PBXFileReference section */

/* Begin PBXFrameworksBuildPhase section */
		07DD47A81EFE3B0500E42AD7 /* Frameworks */ = {
			isa = PBXFrameworksBuildPhase;
			buildActionMask = 2147483647;
			files = (
			);
			runOnlyForDeploymentPostprocessing = 0;
		};
/* End PBXFrameworksBuildPhase section */

/* Begin PBXGroup section */
		07DD47A21EFE3B0500E42AD7 = {
			isa = PBXGroup;
			children = (
				07DD47AD1EFE3B0500E42AD7 /* filesys */,
				07DD47AC1EFE3B0500E42AD7 /* Products */,
			);
			sourceTree = "<group>";
		};
		07DD47AC1EFE3B0500E42AD7 /* Products */ = {
			isa = PBXGroup;
			children = (
				07DD47AB1EFE3B0500E42AD7 /* filesys */,
			);
			name = Products;
			sourceTree = "<group>";
		};
		07DD47AD1EFE3B0500E42AD7 /* filesys */ = {
			isa = PBXGroup;
			children = (
				07DD47AE1EFE3B0500E42AD7 /* main.c */,
				073A89041F07AE3E00DA6919 /* Container.c */,
				073A89051F07AE3E00DA6919 /* Container.h */,
				077B607E1F066901001D40C4 /* Db.c */,
				077B607F1F066901001D40C4 /* Db.h */,
				07FA738F1EFF3E36001A0F2C /* ID.c */,
				07FA73901EFF3E36001A0F2C /* ID.h */,
				07FA738C1EFF3DE4001A0F2C /* Debug.c */,
				07FA738D1EFF3DE4001A0F2C /* Debug.h */,
				07FA73891EFF3D9B001A0F2C /* List.c */,
				07FA738A1EFF3D9B001A0F2C /* List.h */,
				077B60811F066A49001D40C4 /* Support.h */,
			);
			path = filesys;
			sourceTree = "<group>";
		};
/* End PBXGroup section */

/* Begin PBXNativeTarget section */
		07DD47AA1EFE3B0500E42AD7 /* filesys */ = {
			isa = PBXNativeTarget;
			buildConfigurationList = 07DD47B21EFE3B0500E42AD7 /* Build configuration list for PBXNativeTarget "filesys" */;
			buildPhases = (
				07DD47A71EFE3B0500E42AD7 /* Sources */,
				07DD47A81EFE3B0500E42AD7 /* Frameworks */,
				07DD47A91EFE3B0500E42AD7 /* CopyFiles */,
			);
			buildRules = (
			);
			dependencies = (
			);
			name = filesys;
			productName = filesys;
			productReference = 07DD47AB1EFE3B0500E42AD7 /* filesys */;
			productType = "com.apple.product-type.tool";
		};
/* End PBXNativeTarget section */

/* Begin PBXProject section */
		07DD47A31EFE3B0500E42AD7 /* Project object */ = {
			isa = PBXProject;
			attributes = {
				LastUpgradeCheck = 0830;
				ORGANIZATIONNAME = "Bakantu Eric";
				TargetAttributes = {
					07DD47AA1EFE3B0500E42AD7 = {
						CreatedOnToolsVersion = 8.3.1;
						ProvisioningStyle = Automatic;
					};
				};
			};
			buildConfigurationList = 07DD47A61EFE3B0500E42AD7 /* Build configuration list for PBXProject "filesys" */;
			compatibilityVersion = "Xcode 3.2";
			developmentRegion = English;
			hasScannedForEncodings = 0;
			knownRegions = (
				en,
			);
			mainGroup = 07DD47A21EFE3B0500E42AD7;
			productRefGroup = 07DD47AC1EFE3B0500E42AD7 /* Products */;
			projectDirPath = "";
			projectRoot = "";
			targets = (
				07DD47AA1EFE3B0500E42AD7 /* filesys */,
			);
		};
/* End PBXProject section */

/* Begin PBXSourcesBuildPhase section */
		07DD47A71EFE3B0500E42AD7 /* Sources */ = {
			isa = PBXSourcesBuildPhase;
			buildActionMask = 2147483647;
			files = (
				07FA738E1EFF3DE4001A0F2C /* Debug.c in Sources */,
				077B60801F066901001D40C4 /* Db.c in Sources */,
				07DD47AF1EFE3B0500E42AD7 /* main.c in Sources */,
				073A89061F07AE3E00DA6919 /* Container.c in Sources */,
				07FA73911EFF3E36001A0F2C /* ID.c in Sources */,
				07FA738B1EFF3D9B001A0F2C /* List.c in Sources */,
			);
			runOnlyForDeploymentPostprocessing = 0;
		};
/* End PBXSourcesBuildPhase section */

/* Begin XCBuildConfiguration section */
		07DD47B01EFE3B0500E42AD7 /* Debug */ = {
			isa = XCBuildConfiguration;
			buildSettings = {
				ALWAYS_SEARCH_USER_PATHS = NO;
				CLANG_ANALYZER_NONNULL = YES;
				CLANG_ANALYZER_NUMBER_OBJECT_CONVERSION = YES_AGGRESSIVE;
				CLANG_CXX_LANGUAGE_STANDARD = "gnu++0x";
				CLANG_CXX_LIBRARY = "libc++";
				CLANG_ENABLE_MODULES = YES;
				CLANG_ENABLE_OBJC_ARC = YES;
				CLANG_WARN_BOOL_CONVERSION = YES;
				CLANG_WARN_CONSTANT_CONVERSION = YES;
				CLANG_WARN_DIRECT_OBJC_ISA_USAGE = YES_ERROR;
				CLANG_WARN_DOCUMENTATION_COMMENTS = YES;
				CLANG_WARN_EMPTY_BODY = YES;
				CLANG_WARN_ENUM_CONVERSION = YES;
				CLANG_WARN_INFINITE_RECURSION = YES;
				CLANG_WARN_INT_CONVERSION = YES;
				CLANG_WARN_OBJC_ROOT_CLASS = YES_ERROR;
				CLANG_WARN_SUSPICIOUS_MOVE = YES;
				CLANG_WARN_UNREACHABLE_CODE = YES;
				CLANG_WARN__DUPLICATE_METHOD_MATCH = YES;
				CODE_SIGN_IDENTITY = "-";
				COPY_PHASE_STRIP = NO;
				DEBUG_INFORMATION_FORMAT = dwarf;
				ENABLE_STRICT_OBJC_MSGSEND = YES;
				ENABLE_TESTABILITY = YES;
				GCC_C_LANGUAGE_STANDARD = gnu99;
				GCC_DYNAMIC_NO_PIC = NO;
				GCC_NO_COMMON_BLOCKS = YES;
				GCC_OPTIMIZATION_LEVEL = 0;
				GCC_PREPROCESSOR_DEFINITIONS = (
					"DEBUG=1",
					"$(inherited)",
				);
				GCC_WARN_64_TO_32_BIT_CONVERSION = YES;
				GCC_WARN_ABOUT_RETURN_TYPE = YES_ERROR;
				GCC_WARN_UNDECLARED_SELECTOR = YES;
				GCC_WARN_UNINITIALIZED_AUTOS = YES_AGGRESSIVE;
				GCC_WARN_UNUSED_FUNCTION = YES;
				GCC_WARN_UNUSED_VARIABLE = YES;
				MACOSX_DEPLOYMENT_TARGET = 10.12;
				MTL_ENABLE_DEBUG_INFO = YES;
				ONLY_ACTIVE_ARCH = YES;
				SDKROOT = macosx;
			};
			name = Debug;
		};
		07DD47B11EFE3B0500E42AD7 /* Release */ = {
			isa = XCBuildConfiguration;
			buildSettings = {
				ALWAYS_SEARCH_USER_PATHS = NO;
				CLANG_ANALYZER_NONNULL = YES;
				CLANG_ANALYZER_NUMBER_OBJECT_CONVERSION = YES_AGGRESSIVE;
				CLANG_CXX_LANGUAGE_STANDARD = "gnu++0x";
				CLANG_CXX_LIBRARY = "libc++";
				CLANG_ENABLE_MODULES = YES;
				CLANG_ENABLE_OBJC_ARC = YES;
				CLANG_WARN_BOOL_CONVERSION = YES;
				CLANG_WARN_CONSTANT_CONVERSION = YES;
				CLANG_WARN_DIRECT_OBJC_ISA_USAGE = YES_ERROR;
				CLANG_WARN_DOCUMENTATION_COMMENTS = YES;
				CLANG_WARN_EMPTY_BODY = YES;
				CLANG_WARN_ENUM_CONVERSION = YES;
				CLANG_WARN_INFINITE_RECURSION = YES;
				CLANG_WARN_INT_CONVERSION = YES;
				CLANG_WARN_OBJC_ROOT_CLASS = YES_ERROR;
				CLANG_WARN_SUSPICIOUS_MOVE = YES;
				CLANG_WARN_UNREACHABLE_CODE = YES;
				CLANG_WARN__DUPLICATE_METHOD_MATCH = YES;
				CODE_SIGN_IDENTITY = "-";
				COPY_PHASE_STRIP = NO;
				DEBUG_INFORMATION_FORMAT = "dwarf-with-dsym";
				ENABLE_NS_ASSERTIONS = NO;
				ENABLE_STRICT_OBJC_MSGSEND = YES;
				GCC_C_LANGUAGE_STANDARD = gnu99;
				GCC_NO_COMMON_BLOCKS = YES;
				GCC_WARN_64_TO_32_BIT_CONVERSION = YES;
				GCC_WARN_ABOUT_RETURN_TYPE = YES_ERROR;
				GCC_WARN_UNDECLARED_SELECTOR = YES;
				GCC_WARN_UNINITIALIZED_AUTOS = YES_AGGRESSIVE;
				GCC_WARN_UNUSED_FUNCTION = YES;
				GCC_WARN_UNUSED_VARIABLE = YES;
				MACOSX_DEPLOYMENT_TARGET = 10.12;
				MTL_ENABLE_DEBUG_INFO = NO;
				SDKROOT = macosx;
			};
			name = Release;
		};
		07DD47B31EFE3B0500E42AD7 /* Debug */ = {
			isa = XCBuildConfiguration;
			buildSettings = {
				PRODUCT_NAME = "$(TARGET_NAME)";
			};
			name = Debug;
		};
		07DD47B41EFE3B0500E42AD7 /* Release */ = {
			isa = XCBuildConfiguration;
			buildSettings = {
				PRODUCT_NAME = "$(TARGET_NAME)";
			};
			name = Release;
		};
/* End XCBuildConfiguration section */

/* Begin XCConfigurationList section */
		07DD47A61EFE3B0500E42AD7 /* Build configuration list for PBXProject "filesys" */ = {
			isa = XCConfigurationList;
			buildConfigurations = (
				07DD47B01EFE3B0500E42AD7 /* Debug */,
				07DD47B11EFE3B0500E42AD7 /* Release */,
			);
			defaultConfigurationIsVisible = 0;
			defaultConfigurationName = Release;
		};
		07DD47B21EFE3B0500E42AD7 /* Build configuration list for PBXNativeTarget "filesys" */ = {
			isa = XCConfigurationList;
			buildConfigurations = (
				07DD47B31EFE3B0500E42AD7 /* Debug */,
				07DD47B41EFE3B0500E42AD7 /* Release */,
			);
			defaultConfigurationIsVisible = 0;
			defaultConfigurationName = Release;
		};
/* End XCConfigurationList section */
	};
	rootObject = 07DD47A31EFE3B0500E42AD7 /* Project object */;
}
